schema: '2.0'
stages:
  publish-example-models:
    cmd: python utils/publish_example_models.py examples/dev
    deps:
    - path: Wflow/test/data/input
      hash: md5
      md5: 88ca646c32a3859e619362a55fe8bdca.dir
      size: 317173497
      nfiles: 19
    - path: Wflow/test/sbm_config.toml
      hash: md5
      md5: 41365d3a69fa7f35cea20030a1fa0966
      size: 7133
    - path: Wflow/test/sbm_gwf_piave_demand_config.toml
      hash: md5
      md5: 0a2acce279e2355a6faa3e170279d242
      size: 5989
    - path: Wflow/test/sediment_config.toml
      hash: md5
      md5: 2445ee47af3ac24d46fdb3dba330b2f0
      size: 7176
    - path: utils/example_models.toml
      hash: md5
      md5: 557abc820d4108290025e0a74578f57c
      size: 598
    - path: utils/publish_example_models.py
      hash: md5
      md5: 066718c1103b91e94b28e802b7203dba
      size: 2699
    outs:
    - path: https://s3.deltares.nl/wflow/examples/dev/wflow-sbm-example.zip
      hash: md5
      checksum: '"f0e01d6c23db700adce4f05d234d0385-15"'
      size: 123656040
    - path: https://s3.deltares.nl/wflow/examples/dev/wflow-sbm-gwf-example.zip
      hash: md5
      checksum: '"8539b9ca6f17509f97e128a0e713ce18-4"'
      size: 32758595
    - path: https://s3.deltares.nl/wflow/examples/dev/wflow-sediment-example.zip
      hash: md5
      checksum: '"281ab0bf0c0aaf128d2245dda6ad8d37-15"'
      size: 124843710
