schema: '2.0'
stages:
  publish-example-models:
    cmd: python utils/publish_example_models.py examples/dev
    deps:
    - path: Wflow/test/data/input
      hash: md5
      md5: 88ca646c32a3859e619362a55fe8bdca.dir
      size: 317173497
      nfiles: 19
    - path: Wflow/test/sbm_config.toml
      hash: md5
      md5: 1f597d0509bb6c518a94b38e1746eddf
      size: 7547
    - path: Wflow/test/sbm_gwf_piave_demand_config.toml
      hash: md5
      md5: 4698543f5ec68e5101503e13cc63a687
      size: 6145
    - path: Wflow/test/sediment_config.toml
      hash: md5
      md5: 7e4976741a11d55ee0b52951a566eccf
      size: 7376
    - path: utils/example_models.toml
      hash: md5
      md5: cfa70befc7b4365f17a8a097d84a6032
      size: 624
    - path: utils/publish_example_models.py
      hash: md5
      md5: fe9523f2b0aa6554e4f6a5305d500bda
      size: 2775
    outs:
    - path: https://s3.deltares.nl/wflow/examples/dev/wflow-sbm-example.zip
      hash: md5
      checksum: '"673a23c8b035998b342f2dd6abbf5d42-15"'
      size: 123656454
    - path: https://s3.deltares.nl/wflow/examples/dev/wflow-sbm-gwf-example.zip
      hash: md5
      checksum: '"1a0af9bbb5010e66fd7702ce68c0ae56-4"'
      size: 32758751
    - path: https://s3.deltares.nl/wflow/examples/dev/wflow-sediment-example.zip
      hash: md5
      checksum: '"78ac3864487f7316d466c88a1a574163-15"'
      size: 124843910
