
Microsoft Visual Studio Solution File, Format Version 12.00
# Visual Studio Version 16
VisualStudioVersion = 16.0.29709.97
MinimumVisualStudioVersion = 10.0.40219.1
Project("{930C7802-8A8C-48F9-8165-68863BCCD9DD}") = "Application.Setup", "Installer\Application.Setup.wixproj", "{39DA8083-E405-42E6-850C-D25685E91F81}"
EndProject
Global
	GlobalSection(SolutionConfigurationPlatforms) = preSolution
		Debug|x64 = Debug|x64
		Debug|x86 = Debug|x86
		Release|x64 = Release|x64
		Release|x86 = Release|x86
	EndGlobalSection
	GlobalSection(ProjectConfigurationPlatforms) = postSolution
		{39DA8083-E405-42E6-850C-D25685E91F81}.Debug|x64.ActiveCfg = Debug|x64
		{39DA8083-E405-42E6-850C-D25685E91F81}.Debug|x64.Build.0 = Debug|x64
		{39DA8083-E405-42E6-850C-D25685E91F81}.Debug|x86.ActiveCfg = Debug|x86
		{39DA8083-E405-42E6-850C-D25685E91F81}.Debug|x86.Build.0 = Debug|x86
		{39DA8083-E405-42E6-850C-D25685E91F81}.Release|x64.ActiveCfg = Release|x64
		{39DA8083-E405-42E6-850C-D25685E91F81}.Release|x64.Build.0 = Release|x64
		{39DA8083-E405-42E6-850C-D25685E91F81}.Release|x86.ActiveCfg = Release|x86
		{39DA8083-E405-42E6-850C-D25685E91F81}.Release|x86.Build.0 = Release|x86
	EndGlobalSection
	GlobalSection(SolutionProperties) = preSolution
		HideSolutionNode = FALSE
	EndGlobalSection
	GlobalSection(ExtensibilityGlobals) = postSolution
		SolutionGuid = {23DC6242-E075-4E6A-9E5A-D979AD943636}
	EndGlobalSection
EndGlobal
